{
  "name": "components",
  "lockfileVersion": 2,
  "requires": true,
  "packages": {
    "": {
      "dependencies": {
        "d3-array": "^2.11.0",
        "d3-hierarchy": "^2.0.0",
        "d3-shape": "^2.0.0"
      }
    },
    "node_modules/d3-array": {
      "version": "2.11.0",
      "resolved": "https://registry.npmjs.org/d3-array/-/d3-array-2.11.0.tgz",
      "integrity": "sha512-26clcwmHQEdsLv34oNKq5Ia9tQ26Y/4HqS3dQzF42QBUqymZJ+9PORcN1G52bt37NsL2ABoX4lvyYZc+A9Y0zw==",
      "dependencies": {
        "internmap": "^1.0.0"
      }
    },
    "node_modules/d3-hierarchy": {
      "version": "2.0.0",
      "resolved": "https://registry.npmjs.org/d3-hierarchy/-/d3-hierarchy-2.0.0.tgz",
      "integrity": "sha512-SwIdqM3HxQX2214EG9GTjgmCc/mbSx4mQBn+DuEETubhOw6/U3fmnji4uCVrmzOydMHSO1nZle5gh6HB/wdOzw=="
    },
    "node_modules/d3-path": {
      "version": "2.0.0",
      "resolved": "https://registry.npmjs.org/d3-path/-/d3-path-2.0.0.tgz",
      "integrity": "sha512-ZwZQxKhBnv9yHaiWd6ZU4x5BtCQ7pXszEV9CU6kRgwIQVQGLMv1oiL4M+MK/n79sYzsj+gcgpPQSctJUsLN7fA=="
    },
    "node_modules/d3-shape": {
      "version": "2.0.0",
      "resolved": "https://registry.npmjs.org/d3-shape/-/d3-shape-2.0.0.tgz",
      "integrity": "sha512-djpGlA779ua+rImicYyyjnOjeubyhql1Jyn1HK0bTyawuH76UQRWXd+pftr67H6Fa8hSwetkgb/0id3agKWykw==",
      "dependencies": {
        "d3-path": "1 - 2"
      }
    },
    "node_modules/internmap": {
      "version": "1.0.0",
      "resolved": "https://registry.npmjs.org/internmap/-/internmap-1.0.0.tgz",
      "integrity": "sha512-SdoDWwNOTE2n4JWUsLn4KXZGuZPjPF9yyOGc8bnfWnBQh7BD/l80rzSznKc/r4Y0aQ7z3RTk9X+tV4tHBpu+dA=="
    }
  },
  "dependencies": {
    "d3-array": {
      "version": "2.11.0",
      "resolved": "https://registry.npmjs.org/d3-array/-/d3-array-2.11.0.tgz",
      "integrity": "sha512-26clcwmHQEdsLv34oNKq5Ia9tQ26Y/4HqS3dQzF42QBUqymZJ+9PORcN1G52bt37NsL2ABoX4lvyYZc+A9Y0zw==",
      "requires": {
        "internmap": "^1.0.0"
      }
    },
    "d3-hierarchy": {
      "version": "2.0.0",
      "resolved": "https://registry.npmjs.org/d3-hierarchy/-/d3-hierarchy-2.0.0.tgz",
      "integrity": "sha512-SwIdqM3HxQX2214EG9GTjgmCc/mbSx4mQBn+DuEETubhOw6/U3fmnji4uCVrmzOydMHSO1nZle5gh6HB/wdOzw=="
    },
    "d3-path": {
      "version": "2.0.0",
      "resolved": "https://registry.npmjs.org/d3-path/-/d3-path-2.0.0.tgz",
      "integrity": "sha512-ZwZQxKhBnv9yHaiWd6ZU4x5BtCQ7pXszEV9CU6kRgwIQVQGLMv1oiL4M+MK/n79sYzsj+gcgpPQSctJUsLN7fA=="
    },
    "d3-shape": {
      "version": "2.0.0",
      "resolved": "https://registry.npmjs.org/d3-shape/-/d3-shape-2.0.0.tgz",
      "integrity": "sha512-djpGlA779ua+rImicYyyjnOjeubyhql1Jyn1HK0bTyawuH76UQRWXd+pftr67H6Fa8hSwetkgb/0id3agKWykw==",
      "requires": {
        "d3-path": "1 - 2"
      }
    },
    "internmap": {
      "version": "1.0.0",
      "resolved": "https://registry.npmjs.org/internmap/-/internmap-1.0.0.tgz",
      "integrity": "sha512-SdoDWwNOTE2n4JWUsLn4KXZGuZPjPF9yyOGc8bnfWnBQh7BD/l80rzSznKc/r4Y0aQ7z3RTk9X+tV4tHBpu+dA=="
    }
  }
}
